
Microsoft Visual Studio Solution File, Format Version 12.00
# Visual Studio Version 16
VisualStudioVersion = 16.0.30804.86
MinimumVisualStudioVersion = 10.0.40219.1
Project("{FAE04EC0-301F-11D3-BF4B-00C04F79EFBC}") = "Settlers", "Settlers\Settlers.csproj", "{FB761246-4904-46E8-BF52-8EE128EBF80E}"
EndProject
Global
	GlobalSection(SolutionConfigurationPlatforms) = preSolution
		Debug|Any CPU = Debug|Any CPU
		Release|Any CPU = Release|Any CPU
	EndGlobalSection
	GlobalSection(ProjectConfigurationPlatforms) = postSolution
		{FB761246-4904-46E8-BF52-8EE128EBF80E}.Debug|Any CPU.ActiveCfg = Debug|Any CPU
		{FB761246-4904-46E8-BF52-8EE128EBF80E}.Debug|Any CPU.Build.0 = Debug|Any CPU
		{FB761246-4904-46E8-BF52-8EE128EBF80E}.Release|Any CPU.ActiveCfg = Release|Any CPU
		{FB761246-4904-46E8-BF52-8EE128EBF80E}.Release|Any CPU.Build.0 = Release|Any CPU
	EndGlobalSection
	GlobalSection(SolutionProperties) = preSolution
		HideSolutionNode = FALSE
	EndGlobalSection
	GlobalSection(ExtensibilityGlobals) = postSolution
		SolutionGuid = {82627877-6331-4DBB-8BDE-AFA062B58510}
	EndGlobalSection
EndGlobal
